
Microsoft Visual Studio Solution File, Format Version 12.00
# Visual Studio Version 16
VisualStudioVersion = 16.0.29215.179
MinimumVisualStudioVersion = 10.0.40219.1
Project("{888888A0-9F3D-457C-B088-3A5042F75D52}") = "OnnxFrontend", "OnnxFrontend\OnnxFrontend.pyproj", "{A42E5631-63D8-473D-9A62-AF99A683AAD9}"
EndProject
Project("{888888A0-9F3D-457C-B088-3A5042F75D52}") = "op_module_builder", "OnnxFrontend\op_module_builder.pyproj", "{92668F2C-0DAA-4CE6-A564-F6F04AA1CBF6}"
EndProject
Global
	GlobalSection(SolutionConfigurationPlatforms) = preSolution
		Debug|Any CPU = Debug|Any CPU
		Release|Any CPU = Release|Any CPU
	EndGlobalSection
	GlobalSection(ProjectConfigurationPlatforms) = postSolution
		{A42E5631-63D8-473D-9A62-AF99A683AAD9}.Debug|Any CPU.ActiveCfg = Debug|Any CPU
		{A42E5631-63D8-473D-9A62-AF99A683AAD9}.Release|Any CPU.ActiveCfg = Release|Any CPU
		{92668F2C-0DAA-4CE6-A564-F6F04AA1CBF6}.Debug|Any CPU.ActiveCfg = Debug|Any CPU
		{92668F2C-0DAA-4CE6-A564-F6F04AA1CBF6}.Release|Any CPU.ActiveCfg = Release|Any CPU
	EndGlobalSection
	GlobalSection(SolutionProperties) = preSolution
		HideSolutionNode = FALSE
	EndGlobalSection
	GlobalSection(ExtensibilityGlobals) = postSolution
		SolutionGuid = {260A7D3B-71E0-4B15-95EA-2F3F2A9A77BA}
	EndGlobalSection
EndGlobal
